
Microsoft Visual Studio Solution File, Format Version 12.00
# Visual Studio Version 17
VisualStudioVersion = 17.9.34723.18
MinimumVisualStudioVersion = 10.0.40219.1
Project("{FAE04EC0-301F-11D3-BF4B-00C04F79EFBC}") = "HRPHEE_auto", "HRPHEE_auto\HRPHEE_auto.csproj", "{4C9EADB8-2811-495D-8214-D5FFC8D7413B}"
EndProject
Global
	GlobalSection(SolutionConfigurationPlatforms) = preSolution
		Debug|Any CPU = Debug|Any CPU
		Release|Any CPU = Release|Any CPU
	EndGlobalSection
	GlobalSection(ProjectConfigurationPlatforms) = postSolution
		{4C9EADB8-2811-495D-8214-D5FFC8D7413B}.Debug|Any CPU.ActiveCfg = Debug|Any CPU
		{4C9EADB8-2811-495D-8214-D5FFC8D7413B}.Debug|Any CPU.Build.0 = Debug|Any CPU
		{4C9EADB8-2811-495D-8214-D5FFC8D7413B}.Release|Any CPU.ActiveCfg = Release|Any CPU
		{4C9EADB8-2811-495D-8214-D5FFC8D7413B}.Release|Any CPU.Build.0 = Release|Any CPU
	EndGlobalSection
	GlobalSection(SolutionProperties) = preSolution
		HideSolutionNode = FALSE
	EndGlobalSection
	GlobalSection(ExtensibilityGlobals) = postSolution
		SolutionGuid = {0BAA8D53-C58D-416B-AD5F-C93CC16B6806}
	EndGlobalSection
EndGlobal
